// !$*UTF8*$!
{
	archiveVersion = 1;
	classes = {
	};
	objectVersion = 46;
	objects = {

/* Begin PBXBuildFile section */
		2AEA192317DD4E3C00DFEA16 /* Codigo.c in Sources */ = {isa = PBXBuildFile; fileRef = 2AEA192217DD4E3C00DFEA16 /* Codigo.c */; };
/* End PBXBuildFile section */

/* Begin PBXFileReference section */
		2AEA191B17DD4E2B00DFEA16 /* libFinal - Inter.dylib */ = {isa = PBXFileReference; explicitFileType = "compiled.mach-o.dylib"; includeInIndex = 0; path = "libFinal - Inter.dylib"; sourceTree = BUILT_PRODUCTS_DIR; };
		2AEA192217DD4E3C00DFEA16 /* Codigo.c */ = {isa = PBXFileReference; fileEncoding = 4; lastKnownFileType = sourcecode.c.c; path = Codigo.c; sourceTree = "<group>"; };
/* End PBXFileReference section */

/* Begin PBXFrameworksBuildPhase section */
		2AEA191817DD4E2B00DFEA16 /* Frameworks */ = {
			isa = PBXFrameworksBuildPhase;
			buildActionMask = 2147483647;
			files = (
			);
			runOnlyForDeploymentPostprocessing = 0;
		};
/* End PBXFrameworksBuildPhase section */

/* Begin PBXGroup section */
		2AEA191217DD4E2B00DFEA16 = {
			isa = PBXGroup;
			children = (
				2AEA192217DD4E3C00DFEA16 /* Codigo.c */,
				2AEA191C17DD4E2B00DFEA16 /* Products */,
			);
			sourceTree = "<group>";
		};
		2AEA191C17DD4E2B00DFEA16 /* Products */ = {
			isa = PBXGroup;
			children = (
				2AEA191B17DD4E2B00DFEA16 /* libFinal - Inter.dylib */,
			);
			name = Products;
			sourceTree = "<group>";
		};
/* End PBXGroup section */

/* Begin PBXHeadersBuildPhase section */
		2AEA191917DD4E2B00DFEA16 /* Headers */ = {
			isa = PBXHeadersBuildPhase;
			buildActionMask = 2147483647;
			files = (
			);
			runOnlyForDeploymentPostprocessing = 0;
		};
/* End PBXHeadersBuildPhase section */

/* Begin PBXNativeTarget section */
		2AEA191A17DD4E2B00DFEA16 /* Final - Inter */ = {
			isa = PBXNativeTarget;
			buildConfigurationList = 2AEA191F17DD4E2B00DFEA16 /* Build configuration list for PBXNativeTarget "Final - Inter" */;
			buildPhases = (
				2AEA191717DD4E2B00DFEA16 /* Sources */,
				2AEA191817DD4E2B00DFEA16 /* Frameworks */,
				2AEA191917DD4E2B00DFEA16 /* Headers */,
			);
			buildRules = (
			);
			dependencies = (
			);
			name = "Final - Inter";
			productName = "Final - Inter";
			productReference = 2AEA191B17DD4E2B00DFEA16 /* libFinal - Inter.dylib */;
			productType = "com.apple.product-type.library.dynamic";
		};
/* End PBXNativeTarget section */

/* Begin PBXProject section */
		2AEA191317DD4E2B00DFEA16 /* Project object */ = {
			isa = PBXProject;
			attributes = {
				LastUpgradeCheck = 0460;
				ORGANIZATIONNAME = "Gabriel Ferreira";
			};
			buildConfigurationList = 2AEA191617DD4E2B00DFEA16 /* Build configuration list for PBXProject "Final - Inter" */;
			compatibilityVersion = "Xcode 3.2";
			developmentRegion = English;
			hasScannedForEncodings = 0;
			knownRegions = (
				en,
			);
			mainGroup = 2AEA191217DD4E2B00DFEA16;
			productRefGroup = 2AEA191C17DD4E2B00DFEA16 /* Products */;
			projectDirPath = "";
			projectRoot = "";
			targets = (
				2AEA191A17DD4E2B00DFEA16 /* Final - Inter */,
			);
		};
/* End PBXProject section */

/* Begin PBXSourcesBuildPhase section */
		2AEA191717DD4E2B00DFEA16 /* Sources */ = {
			isa = PBXSourcesBuildPhase;
			buildActionMask = 2147483647;
			files = (
				2AEA192317DD4E3C00DFEA16 /* Codigo.c in Sources */,
			);
			runOnlyForDeploymentPostprocessing = 0;
		};
/* End PBXSourcesBuildPhase section */

/* Begin XCBuildConfiguration section */
		2AEA191D17DD4E2B00DFEA16 /* Debug */ = {
			isa = XCBuildConfiguration;
			buildSettings = {
				ALWAYS_SEARCH_USER_PATHS = NO;
				ARCHS = "$(ARCHS_STANDARD_64_BIT)";
				CLANG_CXX_LANGUAGE_STANDARD = "gnu++0x";
				CLANG_CXX_LIBRARY = "libc++";
				CLANG_ENABLE_OBJC_ARC = YES;
				CLANG_WARN_CONSTANT_CONVERSION = YES;
				CLANG_WARN_EMPTY_BODY = YES;
				CLANG_WARN_ENUM_CONVERSION = YES;
				CLANG_WARN_INT_CONVERSION = YES;
				CLANG_WARN__DUPLICATE_METHOD_MATCH = YES;
				COPY_PHASE_STRIP = NO;
				GCC_C_LANGUAGE_STANDARD = gnu99;
				GCC_DYNAMIC_NO_PIC = NO;
				GCC_ENABLE_OBJC_EXCEPTIONS = YES;
				GCC_OPTIMIZATION_LEVEL = 0;
				GCC_PREPROCESSOR_DEFINITIONS = (
					"DEBUG=1",
					"$(inherited)",
				);
				GCC_SYMBOLS_PRIVATE_EXTERN = NO;
				GCC_WARN_64_TO_32_BIT_CONVERSION = YES;
				GCC_WARN_ABOUT_RETURN_TYPE = YES;
				GCC_WARN_UNINITIALIZED_AUTOS = YES;
				GCC_WARN_UNUSED_VARIABLE = YES;
				MACOSX_DEPLOYMENT_TARGET = 10.8;
				ONLY_ACTIVE_ARCH = YES;
				SDKROOT = macosx;
			};
			name = Debug;
		};
		2AEA191E17DD4E2B00DFEA16 /* Release */ = {
			isa = XCBuildConfiguration;
			buildSettings = {
				ALWAYS_SEARCH_USER_PATHS = NO;
				ARCHS = "$(ARCHS_STANDARD_64_BIT)";
				CLANG_CXX_LANGUAGE_STANDARD = "gnu++0x";
				CLANG_CXX_LIBRARY = "libc++";
				CLANG_ENABLE_OBJC_ARC = YES;
				CLANG_WARN_CONSTANT_CONVERSION = YES;
				CLANG_WARN_EMPTY_BODY = YES;
				CLANG_WARN_ENUM_CONVERSION = YES;
				CLANG_WARN_INT_CONVERSION = YES;
				CLANG_WARN__DUPLICATE_METHOD_MATCH = YES;
				COPY_PHASE_STRIP = YES;
				DEBUG_INFORMATION_FORMAT = "dwarf-with-dsym";
				GCC_C_LANGUAGE_STANDARD = gnu99;
				GCC_ENABLE_OBJC_EXCEPTIONS = YES;
				GCC_WARN_64_TO_32_BIT_CONVERSION = YES;
				GCC_WARN_ABOUT_RETURN_TYPE = YES;
				GCC_WARN_UNINITIALIZED_AUTOS = YES;
				GCC_WARN_UNUSED_VARIABLE = YES;
				MACOSX_DEPLOYMENT_TARGET = 10.8;
				SDKROOT = macosx;
			};
			name = Release;
		};
		2AEA192017DD4E2B00DFEA16 /* Debug */ = {
			isa = XCBuildConfiguration;
			buildSettings = {
				EXECUTABLE_PREFIX = lib;
				PRODUCT_NAME = "$(TARGET_NAME)";
			};
			name = Debug;
		};
		2AEA192117DD4E2B00DFEA16 /* Release */ = {
			isa = XCBuildConfiguration;
			buildSettings = {
				EXECUTABLE_PREFIX = lib;
				PRODUCT_NAME = "$(TARGET_NAME)";
			};
			name = Release;
		};
/* End XCBuildConfiguration section */

/* Begin XCConfigurationList section */
		2AEA191617DD4E2B00DFEA16 /* Build configuration list for PBXProject "Final - Inter" */ = {
			isa = XCConfigurationList;
			buildConfigurations = (
				2AEA191D17DD4E2B00DFEA16 /* Debug */,
				2AEA191E17DD4E2B00DFEA16 /* Release */,
			);
			defaultConfigurationIsVisible = 0;
			defaultConfigurationName = Release;
		};
		2AEA191F17DD4E2B00DFEA16 /* Build configuration list for PBXNativeTarget "Final - Inter" */ = {
			isa = XCConfigurationList;
			buildConfigurations = (
				2AEA192017DD4E2B00DFEA16 /* Debug */,
				2AEA192117DD4E2B00DFEA16 /* Release */,
			);
			defaultConfigurationIsVisible = 0;
		};
/* End XCConfigurationList section */
	};
	rootObject = 2AEA191317DD4E2B00DFEA16 /* Project object */;
}
